// !$*UTF8*$!
{
	archiveVersion = 1;
	classes = {
	};
	objectVersion = 46;
	objects = {

/* Begin PBXBuildFile section */
		2E22415DFA82FC63A2400E40 /* libPods-flickWord.a in Frameworks */ = {isa = PBXBuildFile; fileRef = 2AB7BC3BEA8A5D99F2881346 /* libPods-flickWord.a */; };
		632F70591BFB23E9009E2D26 /* flickWordUITests.m in Sources */ = {isa = PBXBuildFile; fileRef = 632F70581BFB23E9009E2D26 /* flickWordUITests.m */; };
		63480FD81B65FEC900B87776 /* AGSpriteButton.m in Sources */ = {isa = PBXBuildFile; fileRef = 63480FD71B65FEC900B87776 /* AGSpriteButton.m */; };
		63480FDB1B671CCB00B87776 /* GoogleService-Info.plist in Resources */ = {isa = PBXBuildFile; fileRef = 63480FDA1B671CCB00B87776 /* GoogleService-Info.plist */; };
		634E53F01A8AD80C00299CCC /* Magnet.m in Sources */ = {isa = PBXBuildFile; fileRef = 634E53EF1A8AD80C00299CCC /* Magnet.m */; };
		634F595B1AC931D800F49D07 /* ppyock.wav in Resources */ = {isa = PBXBuildFile; fileRef = 634F59561AC931D800F49D07 /* ppyock.wav */; };
		634F595C1AC931D800F49D07 /* ppiyong.wav in Resources */ = {isa = PBXBuildFile; fileRef = 634F59571AC931D800F49D07 /* ppiyong.wav */; };
		634F595D1AC931D800F49D07 /* match.wav in Resources */ = {isa = PBXBuildFile; fileRef = 634F59581AC931D800F49D07 /* match.wav */; };
		634F595E1AC931D800F49D07 /* hwick.wav in Resources */ = {isa = PBXBuildFile; fileRef = 634F59591AC931D800F49D07 /* hwick.wav */; };
		634F595F1AC931D800F49D07 /* click.wav in Resources */ = {isa = PBXBuildFile; fileRef = 634F595A1AC931D800F49D07 /* click.wav */; };
		634F596B1ACBB50E00F49D07 /* UIButton+Custom.m in Sources */ = {isa = PBXBuildFile; fileRef = 634F596A1ACBB50E00F49D07 /* UIButton+Custom.m */; };
		634F596E1ACBB59800F49D07 /* NSString+FontAwesome.m in Sources */ = {isa = PBXBuildFile; fileRef = 634F596D1ACBB59800F49D07 /* NSString+FontAwesome.m */; };
		634F59721ACBBF7E00F49D07 /* FontAwesome.ttf in Resources */ = {isa = PBXBuildFile; fileRef = 634F596F1ACBB5C300F49D07 /* FontAwesome.ttf */; };
		6352B4F81B4F864100235549 /* MySpeechObject.m in Sources */ = {isa = PBXBuildFile; fileRef = 6352B4F71B4F864100235549 /* MySpeechObject.m */; };
		636311F719B036DD00E15DC3 /* Foundation.framework in Frameworks */ = {isa = PBXBuildFile; fileRef = 636311F619B036DD00E15DC3 /* Foundation.framework */; };
		636311F919B036DD00E15DC3 /* CoreGraphics.framework in Frameworks */ = {isa = PBXBuildFile; fileRef = 636311F819B036DD00E15DC3 /* CoreGraphics.framework */; };
		636311FB19B036DD00E15DC3 /* UIKit.framework in Frameworks */ = {isa = PBXBuildFile; fileRef = 636311FA19B036DD00E15DC3 /* UIKit.framework */; };
		636311FD19B036DD00E15DC3 /* SpriteKit.framework in Frameworks */ = {isa = PBXBuildFile; fileRef = 636311FC19B036DD00E15DC3 /* SpriteKit.framework */; };
		6363120319B036DD00E15DC3 /* InfoPlist.strings in Resources */ = {isa = PBXBuildFile; fileRef = 6363120119B036DD00E15DC3 /* InfoPlist.strings */; };
		6363120519B036DD00E15DC3 /* main.m in Sources */ = {isa = PBXBuildFile; fileRef = 6363120419B036DD00E15DC3 /* main.m */; };
		6363120919B036DD00E15DC3 /* AppDelegate.m in Sources */ = {isa = PBXBuildFile; fileRef = 6363120819B036DD00E15DC3 /* AppDelegate.m */; };
		6363120C19B036DD00E15DC3 /* Main.storyboard in Resources */ = {isa = PBXBuildFile; fileRef = 6363120A19B036DD00E15DC3 /* Main.storyboard */; };
		6363120F19B036DD00E15DC3 /* SKViewController.m in Sources */ = {isa = PBXBuildFile; fileRef = 6363120E19B036DD00E15DC3 /* SKViewController.m */; };
		6363121219B036DD00E15DC3 /* MyScene.m in Sources */ = {isa = PBXBuildFile; fileRef = 6363121119B036DD00E15DC3 /* MyScene.m */; };
		6363121D19B036DD00E15DC3 /* XCTest.framework in Frameworks */ = {isa = PBXBuildFile; fileRef = 6363121C19B036DD00E15DC3 /* XCTest.framework */; };
		6363121E19B036DD00E15DC3 /* Foundation.framework in Frameworks */ = {isa = PBXBuildFile; fileRef = 636311F619B036DD00E15DC3 /* Foundation.framework */; };
		6363121F19B036DD00E15DC3 /* UIKit.framework in Frameworks */ = {isa = PBXBuildFile; fileRef = 636311FA19B036DD00E15DC3 /* UIKit.framework */; };
		6363122719B036DD00E15DC3 /* InfoPlist.strings in Resources */ = {isa = PBXBuildFile; fileRef = 6363122519B036DD00E15DC3 /* InfoPlist.strings */; };
		6363122919B036DD00E15DC3 /* flickWordTests.m in Sources */ = {isa = PBXBuildFile; fileRef = 6363122819B036DD00E15DC3 /* flickWordTests.m */; };
		637023E21A92FF0C00496A2A /* bubble.png in Resources */ = {isa = PBXBuildFile; fileRef = 637023E01A92FF0C00496A2A /* bubble.png */; };
		637023E31A92FF0C00496A2A /* bubble@2x.png in Resources */ = {isa = PBXBuildFile; fileRef = 637023E11A92FF0C00496A2A /* bubble@2x.png */; };
		637023E61A92FF4900496A2A /* WordDictionary.xcdatamodeld in Sources */ = {isa = PBXBuildFile; fileRef = 637023E41A92FF4900496A2A /* WordDictionary.xcdatamodeld */; };
		637023E91A92FFBD00496A2A /* TableViewController.m in Sources */ = {isa = PBXBuildFile; fileRef = 637023E81A92FFBD00496A2A /* TableViewController.m */; };
		637023EB1A93002900496A2A /* able.txt in Resources */ = {isa = PBXBuildFile; fileRef = 637023EA1A93002900496A2A /* able.txt */; };
		637023EE1A9301E000496A2A /* WordDictionary.m in Sources */ = {isa = PBXBuildFile; fileRef = 637023ED1A9301E000496A2A /* WordDictionary.m */; };
		6373F07D1AC5130C00E2E7CE /* SKTexture+Gradient.m in Sources */ = {isa = PBXBuildFile; fileRef = 6373F07C1AC5130C00E2E7CE /* SKTexture+Gradient.m */; };
		6377E1321A846337007E3C4A /* Bubble.m in Sources */ = {isa = PBXBuildFile; fileRef = 6377E1311A846337007E3C4A /* Bubble.m */; };
		63D1A6691B37F28C0062073B /* Images.xcassets in Resources */ = {isa = PBXBuildFile; fileRef = 63D1A6681B37F28C0062073B /* Images.xcassets */; };
		63D1A66B1B37F4050062073B /* Launch Screen.xib in Resources */ = {isa = PBXBuildFile; fileRef = 63D1A66A1B37F4050062073B /* Launch Screen.xib */; };
		63D1A66D1B37FAEF0062073B /* veranda_ci.png in Resources */ = {isa = PBXBuildFile; fileRef = 63D1A66C1B37FAEF0062073B /* veranda_ci.png */; };
		63F26BC91ABA8B6400E9E865 /* AVFoundation.framework in Frameworks */ = {isa = PBXBuildFile; fileRef = 63F26BC81ABA8B6400E9E865 /* AVFoundation.framework */; };
/* End PBXBuildFile section */

/* Begin PBXContainerItemProxy section */
		6363122019B036DD00E15DC3 /* PBXContainerItemProxy */ = {
			isa = PBXContainerItemProxy;
			containerPortal = 636311EB19B036DD00E15DC3 /* Project object */;
			proxyType = 1;
			remoteGlobalIDString = 636311F219B036DD00E15DC3;
			remoteInfo = flickWord;
		};
/* End PBXContainerItemProxy section */

/* Begin PBXCopyFilesBuildPhase section */
		63A4E01F1B13184400188120 /* Embed App Extensions */ = {
			isa = PBXCopyFilesBuildPhase;
			buildActionMask = 2147483647;
			dstPath = "";
			dstSubfolderSpec = 13;
			files = (
			);
			name = "Embed App Extensions";
			runOnlyForDeploymentPostprocessing = 0;
		};
/* End PBXCopyFilesBuildPhase section */

/* Begin PBXFileReference section */
		2AB7BC3BEA8A5D99F2881346 /* libPods-flickWord.a */ = {isa = PBXFileReference; explicitFileType = archive.ar; includeInIndex = 0; path = "libPods-flickWord.a"; sourceTree = BUILT_PRODUCTS_DIR; };
		632F70581BFB23E9009E2D26 /* flickWordUITests.m */ = {isa = PBXFileReference; fileEncoding = 4; lastKnownFileType = sourcecode.c.objc; path = flickWordUITests.m; sourceTree = "<group>"; };
		63480FD61B65FEC900B87776 /* AGSpriteButton.h */ = {isa = PBXFileReference; fileEncoding = 4; lastKnownFileType = sourcecode.c.h; path = AGSpriteButton.h; sourceTree = "<group>"; };
		63480FD71B65FEC900B87776 /* AGSpriteButton.m */ = {isa = PBXFileReference; fileEncoding = 4; lastKnownFileType = sourcecode.c.objc; path = AGSpriteButton.m; sourceTree = "<group>"; };
		63480FDA1B671CCB00B87776 /* GoogleService-Info.plist */ = {isa = PBXFileReference; fileEncoding = 4; lastKnownFileType = text.plist.xml; path = "GoogleService-Info.plist"; sourceTree = "<group>"; };
		634E53EE1A8AD80C00299CCC /* Magnet.h */ = {isa = PBXFileReference; fileEncoding = 4; lastKnownFileType = sourcecode.c.h; path = Magnet.h; sourceTree = "<group>"; };
		634E53EF1A8AD80C00299CCC /* Magnet.m */ = {isa = PBXFileReference; fileEncoding = 4; lastKnownFileType = sourcecode.c.objc; path = Magnet.m; sourceTree = "<group>"; };
		634E53F11A8ADC8100299CCC /* ConstFunc.h */ = {isa = PBXFileReference; lastKnownFileType = sourcecode.c.h; path = ConstFunc.h; sourceTree = "<group>"; };
		634F59561AC931D800F49D07 /* ppyock.wav */ = {isa = PBXFileReference; lastKnownFileType = audio.wav; name = ppyock.wav; path = flickWord/Resources/ppyock.wav; sourceTree = "<group>"; };
		634F59571AC931D800F49D07 /* ppiyong.wav */ = {isa = PBXFileReference; lastKnownFileType = audio.wav; name = ppiyong.wav; path = flickWord/Resources/ppiyong.wav; sourceTree = "<group>"; };
		634F59581AC931D800F49D07 /* match.wav */ = {isa = PBXFileReference; lastKnownFileType = audio.wav; name = match.wav; path = flickWord/Resources/match.wav; sourceTree = "<group>"; };
		634F59591AC931D800F49D07 /* hwick.wav */ = {isa = PBXFileReference; lastKnownFileType = audio.wav; name = hwick.wav; path = flickWord/Resources/hwick.wav; sourceTree = "<group>"; };
		634F595A1AC931D800F49D07 /* click.wav */ = {isa = PBXFileReference; lastKnownFileType = audio.wav; name = click.wav; path = flickWord/Resources/click.wav; sourceTree = "<group>"; };
		634F59601AC94ACD00F49D07 /* CoreMotion.framework */ = {isa = PBXFileReference; lastKnownFileType = wrapper.framework; name = CoreMotion.framework; path = System/Library/Frameworks/CoreMotion.framework; sourceTree = SDKROOT; };
		634F59691ACBB50E00F49D07 /* UIButton+Custom.h */ = {isa = PBXFileReference; fileEncoding = 4; lastKnownFileType = sourcecode.c.h; path = "UIButton+Custom.h"; sourceTree = "<group>"; };
		634F596A1ACBB50E00F49D07 /* UIButton+Custom.m */ = {isa = PBXFileReference; fileEncoding = 4; lastKnownFileType = sourcecode.c.objc; path = "UIButton+Custom.m"; sourceTree = "<group>"; };
		634F596C1ACBB59800F49D07 /* NSString+FontAwesome.h */ = {isa = PBXFileReference; fileEncoding = 4; lastKnownFileType = sourcecode.c.h; path = "NSString+FontAwesome.h"; sourceTree = "<group>"; };
		634F596D1ACBB59800F49D07 /* NSString+FontAwesome.m */ = {isa = PBXFileReference; fileEncoding = 4; lastKnownFileType = sourcecode.c.objc; path = "NSString+FontAwesome.m"; sourceTree = "<group>"; };
		634F596F1ACBB5C300F49D07 /* FontAwesome.ttf */ = {isa = PBXFileReference; lastKnownFileType = file; name = FontAwesome.ttf; path = flickWord/Resources/FontAwesome.ttf; sourceTree = "<group>"; };
		6352B4F61B4F864100235549 /* MySpeechObject.h */ = {isa = PBXFileReference; fileEncoding = 4; lastKnownFileType = sourcecode.c.h; path = MySpeechObject.h; sourceTree = "<group>"; };
		6352B4F71B4F864100235549 /* MySpeechObject.m */ = {isa = PBXFileReference; fileEncoding = 4; lastKnownFileType = sourcecode.c.objc; path = MySpeechObject.m; sourceTree = "<group>"; };
		636311F319B036DD00E15DC3 /* flickWord.app */ = {isa = PBXFileReference; explicitFileType = wrapper.application; includeInIndex = 0; path = flickWord.app; sourceTree = BUILT_PRODUCTS_DIR; };
		636311F619B036DD00E15DC3 /* Foundation.framework */ = {isa = PBXFileReference; lastKnownFileType = wrapper.framework; name = Foundation.framework; path = System/Library/Frameworks/Foundation.framework; sourceTree = SDKROOT; };
		636311F819B036DD00E15DC3 /* CoreGraphics.framework */ = {isa = PBXFileReference; lastKnownFileType = wrapper.framework; name = CoreGraphics.framework; path = System/Library/Frameworks/CoreGraphics.framework; sourceTree = SDKROOT; };
		636311FA19B036DD00E15DC3 /* UIKit.framework */ = {isa = PBXFileReference; lastKnownFileType = wrapper.framework; name = UIKit.framework; path = System/Library/Frameworks/UIKit.framework; sourceTree = SDKROOT; };
		636311FC19B036DD00E15DC3 /* SpriteKit.framework */ = {isa = PBXFileReference; lastKnownFileType = wrapper.framework; name = SpriteKit.framework; path = System/Library/Frameworks/SpriteKit.framework; sourceTree = SDKROOT; };
		6363120019B036DD00E15DC3 /* flickWord-Info.plist */ = {isa = PBXFileReference; lastKnownFileType = text.plist.xml; path = "flickWord-Info.plist"; sourceTree = "<group>"; };
		6363120219B036DD00E15DC3 /* en */ = {isa = PBXFileReference; lastKnownFileType = text.plist.strings; name = en; path = en.lproj/InfoPlist.strings; sourceTree = "<group>"; };
		6363120419B036DD00E15DC3 /* main.m */ = {isa = PBXFileReference; lastKnownFileType = sourcecode.c.objc; path = main.m; sourceTree = "<group>"; };
		6363120619B036DD00E15DC3 /* flickWord-Prefix.pch */ = {isa = PBXFileReference; lastKnownFileType = sourcecode.c.h; path = "flickWord-Prefix.pch"; sourceTree = "<group>"; };
		6363120719B036DD00E15DC3 /* AppDelegate.h */ = {isa = PBXFileReference; lastKnownFileType = sourcecode.c.h; path = AppDelegate.h; sourceTree = "<group>"; };
		6363120819B036DD00E15DC3 /* AppDelegate.m */ = {isa = PBXFileReference; lastKnownFileType = sourcecode.c.objc; path = AppDelegate.m; sourceTree = "<group>"; };
		6363120B19B036DD00E15DC3 /* Base */ = {isa = PBXFileReference; lastKnownFileType = file.storyboard; name = Base; path = Base.lproj/Main.storyboard; sourceTree = "<group>"; };
		6363120D19B036DD00E15DC3 /* SKViewController.h */ = {isa = PBXFileReference; lastKnownFileType = sourcecode.c.h; path = SKViewController.h; sourceTree = "<group>"; };
		6363120E19B036DD00E15DC3 /* SKViewController.m */ = {isa = PBXFileReference; lastKnownFileType = sourcecode.c.objc; path = SKViewController.m; sourceTree = "<group>"; };
		6363121019B036DD00E15DC3 /* MyScene.h */ = {isa = PBXFileReference; lastKnownFileType = sourcecode.c.h; path = MyScene.h; sourceTree = "<group>"; };
		6363121119B036DD00E15DC3 /* MyScene.m */ = {isa = PBXFileReference; lastKnownFileType = sourcecode.c.objc; path = MyScene.m; sourceTree = "<group>"; };
		6363121B19B036DD00E15DC3 /* flickWordTests.xctest */ = {isa = PBXFileReference; explicitFileType = wrapper.cfbundle; includeInIndex = 0; path = flickWordTests.xctest; sourceTree = BUILT_PRODUCTS_DIR; };
		6363121C19B036DD00E15DC3 /* XCTest.framework */ = {isa = PBXFileReference; lastKnownFileType = wrapper.framework; name = XCTest.framework; path = Library/Frameworks/XCTest.framework; sourceTree = DEVELOPER_DIR; };
		6363122419B036DD00E15DC3 /* flickWordTests-Info.plist */ = {isa = PBXFileReference; lastKnownFileType = text.plist.xml; path = "flickWordTests-Info.plist"; sourceTree = "<group>"; };
		6363122619B036DD00E15DC3 /* en */ = {isa = PBXFileReference; lastKnownFileType = text.plist.strings; name = en; path = en.lproj/InfoPlist.strings; sourceTree = "<group>"; };
		6363122819B036DD00E15DC3 /* flickWordTests.m */ = {isa = PBXFileReference; lastKnownFileType = sourcecode.c.objc; path = flickWordTests.m; sourceTree = "<group>"; };
		637023E01A92FF0C00496A2A /* bubble.png */ = {isa = PBXFileReference; lastKnownFileType = image.png; name = bubble.png; path = flickWord/Resources/bubble.png; sourceTree = "<group>"; };
		637023E11A92FF0C00496A2A /* bubble@2x.png */ = {isa = PBXFileReference; lastKnownFileType = image.png; name = "bubble@2x.png"; path = "flickWord/Resources/bubble@2x.png"; sourceTree = "<group>"; };
		637023E51A92FF4900496A2A /* WordDictionary.xcdatamodel */ = {isa = PBXFileReference; lastKnownFileType = wrapper.xcdatamodel; path = WordDictionary.xcdatamodel; sourceTree = "<group>"; };
		637023E71A92FFBD00496A2A /* TableViewController.h */ = {isa = PBXFileReference; fileEncoding = 4; lastKnownFileType = sourcecode.c.h; path = TableViewController.h; sourceTree = "<group>"; };
		637023E81A92FFBD00496A2A /* TableViewController.m */ = {isa = PBXFileReference; fileEncoding = 4; lastKnownFileType = sourcecode.c.objc; path = TableViewController.m; sourceTree = "<group>"; };
		637023EA1A93002900496A2A /* able.txt */ = {isa = PBXFileReference; fileEncoding = 4; lastKnownFileType = text; path = able.txt; sourceTree = "<group>"; };
		637023EC1A9301E000496A2A /* WordDictionary.h */ = {isa = PBXFileReference; fileEncoding = 4; lastKnownFileType = sourcecode.c.h; path = WordDictionary.h; sourceTree = "<group>"; };
		637023ED1A9301E000496A2A /* WordDictionary.m */ = {isa = PBXFileReference; fileEncoding = 4; lastKnownFileType = sourcecode.c.objc; path = WordDictionary.m; sourceTree = "<group>"; };
		6373F07B1AC5130C00E2E7CE /* SKTexture+Gradient.h */ = {isa = PBXFileReference; fileEncoding = 4; lastKnownFileType = sourcecode.c.h; path = "SKTexture+Gradient.h"; sourceTree = "<group>"; };
		6373F07C1AC5130C00E2E7CE /* SKTexture+Gradient.m */ = {isa = PBXFileReference; fileEncoding = 4; lastKnownFileType = sourcecode.c.objc; path = "SKTexture+Gradient.m"; sourceTree = "<group>"; };
		6377E1301A846337007E3C4A /* Bubble.h */ = {isa = PBXFileReference; fileEncoding = 4; lastKnownFileType = sourcecode.c.h; path = Bubble.h; sourceTree = "<group>"; };
		6377E1311A846337007E3C4A /* Bubble.m */ = {isa = PBXFileReference; fileEncoding = 4; lastKnownFileType = sourcecode.c.objc; path = Bubble.m; sourceTree = "<group>"; };
		63D1A6681B37F28C0062073B /* Images.xcassets */ = {isa = PBXFileReference; lastKnownFileType = folder.assetcatalog; path = Images.xcassets; sourceTree = "<group>"; };
		63D1A66A1B37F4050062073B /* Launch Screen.xib */ = {isa = PBXFileReference; fileEncoding = 4; lastKnownFileType = file.xib; path = "Launch Screen.xib"; sourceTree = "<group>"; };
		63D1A66C1B37FAEF0062073B /* veranda_ci.png */ = {isa = PBXFileReference; lastKnownFileType = image.png; name = veranda_ci.png; path = flickWord/Resources/veranda_ci.png; sourceTree = "<group>"; };
		63F26BC81ABA8B6400E9E865 /* AVFoundation.framework */ = {isa = PBXFileReference; lastKnownFileType = wrapper.framework; name = AVFoundation.framework; path = System/Library/Frameworks/AVFoundation.framework; sourceTree = SDKROOT; };
		C38C17458D86AEB58BBF93CC /* Pods-flickWord.debug.xcconfig */ = {isa = PBXFileReference; includeInIndex = 1; lastKnownFileType = text.xcconfig; name = "Pods-flickWord.debug.xcconfig"; path = "Pods/Target Support Files/Pods-flickWord/Pods-flickWord.debug.xcconfig"; sourceTree = "<group>"; };
		ED0F04D6BC95E861B0A55C8A /* Pods-flickWord.release.xcconfig */ = {isa = PBXFileReference; includeInIndex = 1; lastKnownFileType = text.xcconfig; name = "Pods-flickWord.release.xcconfig"; path = "Pods/Target Support Files/Pods-flickWord/Pods-flickWord.release.xcconfig"; sourceTree = "<group>"; };
/* End PBXFileReference section */

/* Begin PBXFrameworksBuildPhase section */
		636311F019B036DD00E15DC3 /* Frameworks */ = {
			isa = PBXFrameworksBuildPhase;
			buildActionMask = 2147483647;
			files = (
				63F26BC91ABA8B6400E9E865 /* AVFoundation.framework in Frameworks */,
				636311F919B036DD00E15DC3 /* CoreGraphics.framework in Frameworks */,
				636311FB19B036DD00E15DC3 /* UIKit.framework in Frameworks */,
				636311FD19B036DD00E15DC3 /* SpriteKit.framework in Frameworks */,
				636311F719B036DD00E15DC3 /* Foundation.framework in Frameworks */,
				2E22415DFA82FC63A2400E40 /* libPods-flickWord.a in Frameworks */,
			);
			runOnlyForDeploymentPostprocessing = 0;
		};
		6363121819B036DD00E15DC3 /* Frameworks */ = {
			isa = PBXFrameworksBuildPhase;
			buildActionMask = 2147483647;
			files = (
				6363121D19B036DD00E15DC3 /* XCTest.framework in Frameworks */,
				6363121F19B036DD00E15DC3 /* UIKit.framework in Frameworks */,
				6363121E19B036DD00E15DC3 /* Foundation.framework in Frameworks */,
			);
			runOnlyForDeploymentPostprocessing = 0;
		};
/* End PBXFrameworksBuildPhase section */

/* Begin PBXGroup section */
		63480FD91B65FEED00B87776 /* Model */ = {
			isa = PBXGroup;
			children = (
				6352B4F61B4F864100235549 /* MySpeechObject.h */,
				6352B4F71B4F864100235549 /* MySpeechObject.m */,
				6377E1301A846337007E3C4A /* Bubble.h */,
				6377E1311A846337007E3C4A /* Bubble.m */,
				634E53EE1A8AD80C00299CCC /* Magnet.h */,
				634E53EF1A8AD80C00299CCC /* Magnet.m */,
			);
			name = Model;
			sourceTree = "<group>";
		};
		634F59711ACBB5D500F49D07 /* Category */ = {
			isa = PBXGroup;
			children = (
				6373F07B1AC5130C00E2E7CE /* SKTexture+Gradient.h */,
				6373F07C1AC5130C00E2E7CE /* SKTexture+Gradient.m */,
				634F59691ACBB50E00F49D07 /* UIButton+Custom.h */,
				634F596A1ACBB50E00F49D07 /* UIButton+Custom.m */,
				634F596C1ACBB59800F49D07 /* NSString+FontAwesome.h */,
				634F596D1ACBB59800F49D07 /* NSString+FontAwesome.m */,
			);
			name = Category;
			sourceTree = "<group>";
		};
		636311EA19B036DD00E15DC3 = {
			isa = PBXGroup;
			children = (
				63EC061E19D00001002AEA05 /* Resources */,
				636311FE19B036DD00E15DC3 /* flickWord */,
				6363122219B036DD00E15DC3 /* flickWordTests */,
				636311F519B036DD00E15DC3 /* Frameworks */,
				636311F419B036DD00E15DC3 /* Products */,
				8C9DFF7577F8AEC24DC5F44F /* Pods */,
			);
			sourceTree = "<group>";
		};
		636311F419B036DD00E15DC3 /* Products */ = {
			isa = PBXGroup;
			children = (
				636311F319B036DD00E15DC3 /* flickWord.app */,
				6363121B19B036DD00E15DC3 /* flickWordTests.xctest */,
			);
			name = Products;
			sourceTree = "<group>";
		};
		636311F519B036DD00E15DC3 /* Frameworks */ = {
			isa = PBXGroup;
			children = (
				634F59601AC94ACD00F49D07 /* CoreMotion.framework */,
				63F26BC81ABA8B6400E9E865 /* AVFoundation.framework */,
				636311F619B036DD00E15DC3 /* Foundation.framework */,
				636311F819B036DD00E15DC3 /* CoreGraphics.framework */,
				636311FA19B036DD00E15DC3 /* UIKit.framework */,
				636311FC19B036DD00E15DC3 /* SpriteKit.framework */,
				6363121C19B036DD00E15DC3 /* XCTest.framework */,
				2AB7BC3BEA8A5D99F2881346 /* libPods-flickWord.a */,
			);
			name = Frameworks;
			sourceTree = "<group>";
		};
		636311FE19B036DD00E15DC3 /* flickWord */ = {
			isa = PBXGroup;
			children = (
				63480FD91B65FEED00B87776 /* Model */,
				634F59711ACBB5D500F49D07 /* Category */,
				6363120719B036DD00E15DC3 /* AppDelegate.h */,
				6363120819B036DD00E15DC3 /* AppDelegate.m */,
				63480FD61B65FEC900B87776 /* AGSpriteButton.h */,
				63480FD71B65FEC900B87776 /* AGSpriteButton.m */,
				6363120A19B036DD00E15DC3 /* Main.storyboard */,
				63D1A66A1B37F4050062073B /* Launch Screen.xib */,
				6363120D19B036DD00E15DC3 /* SKViewController.h */,
				6363120E19B036DD00E15DC3 /* SKViewController.m */,
				6363121019B036DD00E15DC3 /* MyScene.h */,
				6363121119B036DD00E15DC3 /* MyScene.m */,
				634E53F11A8ADC8100299CCC /* ConstFunc.h */,
				637023E41A92FF4900496A2A /* WordDictionary.xcdatamodeld */,
				637023EC1A9301E000496A2A /* WordDictionary.h */,
				637023ED1A9301E000496A2A /* WordDictionary.m */,
				637023E71A92FFBD00496A2A /* TableViewController.h */,
				637023E81A92FFBD00496A2A /* TableViewController.m */,
				63D1A6681B37F28C0062073B /* Images.xcassets */,
				636311FF19B036DD00E15DC3 /* Supporting Files */,
			);
			path = flickWord;
			sourceTree = "<group>";
		};
		636311FF19B036DD00E15DC3 /* Supporting Files */ = {
			isa = PBXGroup;
			children = (
				63480FDA1B671CCB00B87776 /* GoogleService-Info.plist */,
				637023EA1A93002900496A2A /* able.txt */,
				6363120019B036DD00E15DC3 /* flickWord-Info.plist */,
				6363120119B036DD00E15DC3 /* InfoPlist.strings */,
				6363120419B036DD00E15DC3 /* main.m */,
				6363120619B036DD00E15DC3 /* flickWord-Prefix.pch */,
			);
			name = "Supporting Files";
			sourceTree = "<group>";
		};
		6363122219B036DD00E15DC3 /* flickWordTests */ = {
			isa = PBXGroup;
			children = (
				632F70581BFB23E9009E2D26 /* flickWordUITests.m */,
				6363122819B036DD00E15DC3 /* flickWordTests.m */,
				6363122319B036DD00E15DC3 /* Supporting Files */,
			);
			path = flickWordTests;
			sourceTree = "<group>";
		};
		6363122319B036DD00E15DC3 /* Supporting Files */ = {
			isa = PBXGroup;
			children = (
				6363122419B036DD00E15DC3 /* flickWordTests-Info.plist */,
				6363122519B036DD00E15DC3 /* InfoPlist.strings */,
			);
			name = "Supporting Files";
			sourceTree = "<group>";
		};
		63EC061E19D00001002AEA05 /* Resources */ = {
			isa = PBXGroup;
			children = (
				634F596F1ACBB5C300F49D07 /* FontAwesome.ttf */,
				634F59561AC931D800F49D07 /* ppyock.wav */,
				634F59571AC931D800F49D07 /* ppiyong.wav */,
				634F59581AC931D800F49D07 /* match.wav */,
				634F59591AC931D800F49D07 /* hwick.wav */,
				634F595A1AC931D800F49D07 /* click.wav */,
				637023E01A92FF0C00496A2A /* bubble.png */,
				637023E11A92FF0C00496A2A /* bubble@2x.png */,
				63D1A66C1B37FAEF0062073B /* veranda_ci.png */,
			);
			name = Resources;
			sourceTree = "<group>";
		};
		8C9DFF7577F8AEC24DC5F44F /* Pods */ = {
			isa = PBXGroup;
			children = (
				C38C17458D86AEB58BBF93CC /* Pods-flickWord.debug.xcconfig */,
				ED0F04D6BC95E861B0A55C8A /* Pods-flickWord.release.xcconfig */,
			);
			name = Pods;
			sourceTree = "<group>";
		};
/* End PBXGroup section */

/* Begin PBXNativeTarget section */
		636311F219B036DD00E15DC3 /* flickWord */ = {
			isa = PBXNativeTarget;
			buildConfigurationList = 6363122C19B036DD00E15DC3 /* Build configuration list for PBXNativeTarget "flickWord" */;
			buildPhases = (
				2B9396D9ABFF03D690914E67 /* Check Pods Manifest.lock */,
				636311EF19B036DD00E15DC3 /* Sources */,
				636311F019B036DD00E15DC3 /* Frameworks */,
				636311F119B036DD00E15DC3 /* Resources */,
				63A4E01F1B13184400188120 /* Embed App Extensions */,
				FD0466EC6244A46916458DB3 /* Copy Pods Resources */,
			);
			buildRules = (
			);
			dependencies = (
			);
			name = flickWord;
			productName = flickWord;
			productReference = 636311F319B036DD00E15DC3 /* flickWord.app */;
			productType = "com.apple.product-type.application";
		};
		6363121A19B036DD00E15DC3 /* flickWordTests */ = {
			isa = PBXNativeTarget;
			buildConfigurationList = 6363122F19B036DD00E15DC3 /* Build configuration list for PBXNativeTarget "flickWordTests" */;
			buildPhases = (
				6363121719B036DD00E15DC3 /* Sources */,
				6363121819B036DD00E15DC3 /* Frameworks */,
				6363121919B036DD00E15DC3 /* Resources */,
			);
			buildRules = (
			);
			dependencies = (
				6363122119B036DD00E15DC3 /* PBXTargetDependency */,
			);
			name = flickWordTests;
			productName = flickWordTests;
			productReference = 6363121B19B036DD00E15DC3 /* flickWordTests.xctest */;
			productType = "com.apple.product-type.bundle.unit-test";
		};
/* End PBXNativeTarget section */

/* Begin PBXProject section */
		636311EB19B036DD00E15DC3 /* Project object */ = {
			isa = PBXProject;
			attributes = {
				LastUpgradeCheck = 0700;
				ORGANIZATIONNAME = sangchan;
				TargetAttributes = {
					636311F219B036DD00E15DC3 = {
						DevelopmentTeam = CBUJK8CFZ3;
					};
					6363121A19B036DD00E15DC3 = {
						TestTargetID = 636311F219B036DD00E15DC3;
					};
				};
			};
			buildConfigurationList = 636311EE19B036DD00E15DC3 /* Build configuration list for PBXProject "flickWord" */;
			compatibilityVersion = "Xcode 3.2";
			developmentRegion = English;
			hasScannedForEncodings = 0;
			knownRegions = (
				en,
				Base,
			);
			mainGroup = 636311EA19B036DD00E15DC3;
			productRefGroup = 636311F419B036DD00E15DC3 /* Products */;
			projectDirPath = "";
			projectRoot = "";
			targets = (
				636311F219B036DD00E15DC3 /* flickWord */,
				6363121A19B036DD00E15DC3 /* flickWordTests */,
			);
		};
/* End PBXProject section */

/* Begin PBXResourcesBuildPhase section */
		636311F119B036DD00E15DC3 /* Resources */ = {
			isa = PBXResourcesBuildPhase;
			buildActionMask = 2147483647;
			files = (
				634F59721ACBBF7E00F49D07 /* FontAwesome.ttf in Resources */,
				637023E31A92FF0C00496A2A /* bubble@2x.png in Resources */,
				63480FDB1B671CCB00B87776 /* GoogleService-Info.plist in Resources */,
				637023EB1A93002900496A2A /* able.txt in Resources */,
				63D1A6691B37F28C0062073B /* Images.xcassets in Resources */,
				634F595D1AC931D800F49D07 /* match.wav in Resources */,
				63D1A66B1B37F4050062073B /* Launch Screen.xib in Resources */,
				634F595F1AC931D800F49D07 /* click.wav in Resources */,
				634F595E1AC931D800F49D07 /* hwick.wav in Resources */,
				6363120319B036DD00E15DC3 /* InfoPlist.strings in Resources */,
				63D1A66D1B37FAEF0062073B /* veranda_ci.png in Resources */,
				634F595C1AC931D800F49D07 /* ppiyong.wav in Resources */,
				634F595B1AC931D800F49D07 /* ppyock.wav in Resources */,
				637023E21A92FF0C00496A2A /* bubble.png in Resources */,
				6363120C19B036DD00E15DC3 /* Main.storyboard in Resources */,
			);
			runOnlyForDeploymentPostprocessing = 0;
		};
		6363121919B036DD00E15DC3 /* Resources */ = {
			isa = PBXResourcesBuildPhase;
			buildActionMask = 2147483647;
			files = (
				6363122719B036DD00E15DC3 /* InfoPlist.strings in Resources */,
			);
			runOnlyForDeploymentPostprocessing = 0;
		};
/* End PBXResourcesBuildPhase section */

/* Begin PBXShellScriptBuildPhase section */
		2B9396D9ABFF03D690914E67 /* Check Pods Manifest.lock */ = {
			isa = PBXShellScriptBuildPhase;
			buildActionMask = 2147483647;
			files = (
			);
			inputPaths = (
			);
			name = "Check Pods Manifest.lock";
			outputPaths = (
			);
			runOnlyForDeploymentPostprocessing = 0;
			shellPath = /bin/sh;
			shellScript = "diff \"${PODS_ROOT}/../Podfile.lock\" \"${PODS_ROOT}/Manifest.lock\" > /dev/null\nif [[ $? != 0 ]] ; then\n    cat << EOM\nerror: The sandbox is not in sync with the Podfile.lock. Run 'pod install' or update your CocoaPods installation.\nEOM\n    exit 1\nfi\n";
			showEnvVarsInLog = 0;
		};
		FD0466EC6244A46916458DB3 /* Copy Pods Resources */ = {
			isa = PBXShellScriptBuildPhase;
			buildActionMask = 2147483647;
			files = (
			);
			inputPaths = (
			);
			name = "Copy Pods Resources";
			outputPaths = (
			);
			runOnlyForDeploymentPostprocessing = 0;
			shellPath = /bin/sh;
			shellScript = "\"${SRCROOT}/Pods/Target Support Files/Pods-flickWord/Pods-flickWord-resources.sh\"\n";
			showEnvVarsInLog = 0;
		};
/* End PBXShellScriptBuildPhase section */

/* Begin PBXSourcesBuildPhase section */
		636311EF19B036DD00E15DC3 /* Sources */ = {
			isa = PBXSourcesBuildPhase;
			buildActionMask = 2147483647;
			files = (
				6363121219B036DD00E15DC3 /* MyScene.m in Sources */,
				6373F07D1AC5130C00E2E7CE /* SKTexture+Gradient.m in Sources */,
				6352B4F81B4F864100235549 /* MySpeechObject.m in Sources */,
				637023EE1A9301E000496A2A /* WordDictionary.m in Sources */,
				63480FD81B65FEC900B87776 /* AGSpriteButton.m in Sources */,
				6363120F19B036DD00E15DC3 /* SKViewController.m in Sources */,
				6377E1321A846337007E3C4A /* Bubble.m in Sources */,
				6363120919B036DD00E15DC3 /* AppDelegate.m in Sources */,
				6363120519B036DD00E15DC3 /* main.m in Sources */,
				634F596B1ACBB50E00F49D07 /* UIButton+Custom.m in Sources */,
				634F596E1ACBB59800F49D07 /* NSString+FontAwesome.m in Sources */,
				637023E61A92FF4900496A2A /* WordDictionary.xcdatamodeld in Sources */,
				634E53F01A8AD80C00299CCC /* Magnet.m in Sources */,
				637023E91A92FFBD00496A2A /* TableViewController.m in Sources */,
			);
			runOnlyForDeploymentPostprocessing = 0;
		};
		6363121719B036DD00E15DC3 /* Sources */ = {
			isa = PBXSourcesBuildPhase;
			buildActionMask = 2147483647;
			files = (
				6363122919B036DD00E15DC3 /* flickWordTests.m in Sources */,
				632F70591BFB23E9009E2D26 /* flickWordUITests.m in Sources */,
			);
			runOnlyForDeploymentPostprocessing = 0;
		};
/* End PBXSourcesBuildPhase section */

/* Begin PBXTargetDependency section */
		6363122119B036DD00E15DC3 /* PBXTargetDependency */ = {
			isa = PBXTargetDependency;
			target = 636311F219B036DD00E15DC3 /* flickWord */;
			targetProxy = 6363122019B036DD00E15DC3 /* PBXContainerItemProxy */;
		};
/* End PBXTargetDependency section */

/* Begin PBXVariantGroup section */
		6363120119B036DD00E15DC3 /* InfoPlist.strings */ = {
			isa = PBXVariantGroup;
			children = (
				6363120219B036DD00E15DC3 /* en */,
			);
			name = InfoPlist.strings;
			sourceTree = "<group>";
		};
		6363120A19B036DD00E15DC3 /* Main.storyboard */ = {
			isa = PBXVariantGroup;
			children = (
				6363120B19B036DD00E15DC3 /* Base */,
			);
			name = Main.storyboard;
			sourceTree = "<group>";
		};
		6363122519B036DD00E15DC3 /* InfoPlist.strings */ = {
			isa = PBXVariantGroup;
			children = (
				6363122619B036DD00E15DC3 /* en */,
			);
			name = InfoPlist.strings;
			sourceTree = "<group>";
		};
/* End PBXVariantGroup section */

/* Begin XCBuildConfiguration section */
		6363122A19B036DD00E15DC3 /* Debug */ = {
			isa = XCBuildConfiguration;
			buildSettings = {
				ALWAYS_SEARCH_USER_PATHS = NO;
				CLANG_CXX_LANGUAGE_STANDARD = "gnu++0x";
				CLANG_CXX_LIBRARY = "libc++";
				CLANG_ENABLE_MODULES = YES;
				CLANG_ENABLE_OBJC_ARC = YES;
				CLANG_WARN_BOOL_CONVERSION = YES;
				CLANG_WARN_CONSTANT_CONVERSION = YES;
				CLANG_WARN_DIRECT_OBJC_ISA_USAGE = YES_ERROR;
				CLANG_WARN_EMPTY_BODY = YES;
				CLANG_WARN_ENUM_CONVERSION = YES;
				CLANG_WARN_INT_CONVERSION = YES;
				CLANG_WARN_OBJC_ROOT_CLASS = YES_ERROR;
				CLANG_WARN__DUPLICATE_METHOD_MATCH = YES;
				"CODE_SIGN_IDENTITY[sdk=iphoneos*]" = "iPhone Developer";
				COPY_PHASE_STRIP = NO;
				ENABLE_TESTABILITY = YES;
				GCC_C_LANGUAGE_STANDARD = gnu99;
				GCC_DYNAMIC_NO_PIC = NO;
				GCC_OPTIMIZATION_LEVEL = 0;
				GCC_PREPROCESSOR_DEFINITIONS = (
					"DEBUG=1",
					"$(inherited)",
				);
				GCC_SYMBOLS_PRIVATE_EXTERN = NO;
				GCC_WARN_64_TO_32_BIT_CONVERSION = YES;
				GCC_WARN_ABOUT_RETURN_TYPE = YES_ERROR;
				GCC_WARN_UNDECLARED_SELECTOR = YES;
				GCC_WARN_UNINITIALIZED_AUTOS = YES_AGGRESSIVE;
				GCC_WARN_UNUSED_FUNCTION = YES;
				GCC_WARN_UNUSED_VARIABLE = YES;
				IPHONEOS_DEPLOYMENT_TARGET = 8.0;
				ONLY_ACTIVE_ARCH = YES;
				SDKROOT = iphoneos;
			};
			name = Debug;
		};
		6363122B19B036DD00E15DC3 /* Release */ = {
			isa = XCBuildConfiguration;
			buildSettings = {
				ALWAYS_SEARCH_USER_PATHS = NO;
				CLANG_CXX_LANGUAGE_STANDARD = "gnu++0x";
				CLANG_CXX_LIBRARY = "libc++";
				CLANG_ENABLE_MODULES = YES;
				CLANG_ENABLE_OBJC_ARC = YES;
				CLANG_WARN_BOOL_CONVERSION = YES;
				CLANG_WARN_CONSTANT_CONVERSION = YES;
				CLANG_WARN_DIRECT_OBJC_ISA_USAGE = YES_ERROR;
				CLANG_WARN_EMPTY_BODY = YES;
				CLANG_WARN_ENUM_CONVERSION = YES;
				CLANG_WARN_INT_CONVERSION = YES;
				CLANG_WARN_OBJC_ROOT_CLASS = YES_ERROR;
				CLANG_WARN__DUPLICATE_METHOD_MATCH = YES;
				"CODE_SIGN_IDENTITY[sdk=iphoneos*]" = "iPhone Developer";
				COPY_PHASE_STRIP = YES;
				ENABLE_NS_ASSERTIONS = NO;
				GCC_C_LANGUAGE_STANDARD = gnu99;
				GCC_WARN_64_TO_32_BIT_CONVERSION = YES;
				GCC_WARN_ABOUT_RETURN_TYPE = YES_ERROR;
				GCC_WARN_UNDECLARED_SELECTOR = YES;
				GCC_WARN_UNINITIALIZED_AUTOS = YES_AGGRESSIVE;
				GCC_WARN_UNUSED_FUNCTION = YES;
				GCC_WARN_UNUSED_VARIABLE = YES;
				IPHONEOS_DEPLOYMENT_TARGET = 8.0;
				SDKROOT = iphoneos;
				VALIDATE_PRODUCT = YES;
			};
			name = Release;
		};
		6363122D19B036DD00E15DC3 /* Debug */ = {
			isa = XCBuildConfiguration;
			baseConfigurationReference = C38C17458D86AEB58BBF93CC /* Pods-flickWord.debug.xcconfig */;
			buildSettings = {
				ASSETCATALOG_COMPILER_APPICON_NAME = AppIcon;
				CODE_SIGN_IDENTITY = "iPhone Developer: SangChan Lee (585ZYQPML2)";
				"CODE_SIGN_IDENTITY[sdk=iphoneos*]" = "iPhone Developer: SangChan Lee (585ZYQPML2)";
				ENABLE_BITCODE = NO;
				GCC_PRECOMPILE_PREFIX_HEADER = YES;
				GCC_PREFIX_HEADER = "flickWord/flickWord-Prefix.pch";
				INFOPLIST_FILE = "flickWord/flickWord-Info.plist";
				IPHONEOS_DEPLOYMENT_TARGET = 8.0;
				PRODUCT_BUNDLE_IDENTIFIER = com.verandastudio.flickword;
				PRODUCT_NAME = "$(TARGET_NAME)";
				PROVISIONING_PROFILE = "";
				SPRITEKIT_TEXTURE_ATLAS_OUTPUT = YES;
				TARGETED_DEVICE_FAMILY = "1,2";
				WRAPPER_EXTENSION = app;
			};
			name = Debug;
		};
		6363122E19B036DD00E15DC3 /* Release */ = {
			isa = XCBuildConfiguration;
			baseConfigurationReference = ED0F04D6BC95E861B0A55C8A /* Pods-flickWord.release.xcconfig */;
			buildSettings = {
				ASSETCATALOG_COMPILER_APPICON_NAME = AppIcon;
				CODE_SIGN_IDENTITY = "iPhone Developer: SangChan Lee (585ZYQPML2)";
				"CODE_SIGN_IDENTITY[sdk=iphoneos*]" = "iPhone Developer: SangChan Lee (585ZYQPML2)";
				ENABLE_BITCODE = NO;
				GCC_PRECOMPILE_PREFIX_HEADER = YES;
				GCC_PREFIX_HEADER = "flickWord/flickWord-Prefix.pch";
				INFOPLIST_FILE = "flickWord/flickWord-Info.plist";
				IPHONEOS_DEPLOYMENT_TARGET = 8.0;
				PRODUCT_BUNDLE_IDENTIFIER = com.verandastudio.flickword;
				PRODUCT_NAME = "$(TARGET_NAME)";
				PROVISIONING_PROFILE = "";
				SPRITEKIT_TEXTURE_ATLAS_OUTPUT = YES;
				TARGETED_DEVICE_FAMILY = "1,2";
				WRAPPER_EXTENSION = app;
			};
			name = Release;
		};
		6363123019B036DD00E15DC3 /* Debug */ = {
			isa = XCBuildConfiguration;
			buildSettings = {
				BUNDLE_LOADER = "$(BUILT_PRODUCTS_DIR)/flickWord.app/flickWord";
				FRAMEWORK_SEARCH_PATHS = (
					"$(SDKROOT)/Developer/Library/Frameworks",
					"$(inherited)",
					"$(DEVELOPER_FRAMEWORKS_DIR)",
				);
				GCC_PRECOMPILE_PREFIX_HEADER = YES;
				GCC_PREFIX_HEADER = "flickWord/flickWord-Prefix.pch";
				GCC_PREPROCESSOR_DEFINITIONS = (
					"DEBUG=1",
					"$(inherited)",
				);
				INFOPLIST_FILE = "flickWordTests/flickWordTests-Info.plist";
				PRODUCT_BUNDLE_IDENTIFIER = "com.dlues.${PRODUCT_NAME:rfc1034identifier}";
				PRODUCT_NAME = "$(TARGET_NAME)";
				TEST_HOST = "$(BUNDLE_LOADER)";
				WRAPPER_EXTENSION = xctest;
			};
			name = Debug;
		};
		6363123119B036DD00E15DC3 /* Release */ = {
			isa = XCBuildConfiguration;
			buildSettings = {
				BUNDLE_LOADER = "$(BUILT_PRODUCTS_DIR)/flickWord.app/flickWord";
				FRAMEWORK_SEARCH_PATHS = (
					"$(SDKROOT)/Developer/Library/Frameworks",
					"$(inherited)",
					"$(DEVELOPER_FRAMEWORKS_DIR)",
				);
				GCC_PRECOMPILE_PREFIX_HEADER = YES;
				GCC_PREFIX_HEADER = "flickWord/flickWord-Prefix.pch";
				INFOPLIST_FILE = "flickWordTests/flickWordTests-Info.plist";
				PRODUCT_BUNDLE_IDENTIFIER = "com.dlues.${PRODUCT_NAME:rfc1034identifier}";
				PRODUCT_NAME = "$(TARGET_NAME)";
				TEST_HOST = "$(BUNDLE_LOADER)";
				WRAPPER_EXTENSION = xctest;
			};
			name = Release;
		};
/* End XCBuildConfiguration section */

/* Begin XCConfigurationList section */
		636311EE19B036DD00E15DC3 /* Build configuration list for PBXProject "flickWord" */ = {
			isa = XCConfigurationList;
			buildConfigurations = (
				6363122A19B036DD00E15DC3 /* Debug */,
				6363122B19B036DD00E15DC3 /* Release */,
			);
			defaultConfigurationIsVisible = 0;
			defaultConfigurationName = Release;
		};
		6363122C19B036DD00E15DC3 /* Build configuration list for PBXNativeTarget "flickWord" */ = {
			isa = XCConfigurationList;
			buildConfigurations = (
				6363122D19B036DD00E15DC3 /* Debug */,
				6363122E19B036DD00E15DC3 /* Release */,
			);
			defaultConfigurationIsVisible = 0;
			defaultConfigurationName = Release;
		};
		6363122F19B036DD00E15DC3 /* Build configuration list for PBXNativeTarget "flickWordTests" */ = {
			isa = XCConfigurationList;
			buildConfigurations = (
				6363123019B036DD00E15DC3 /* Debug */,
				6363123119B036DD00E15DC3 /* Release */,
			);
			defaultConfigurationIsVisible = 0;
			defaultConfigurationName = Release;
		};
/* End XCConfigurationList section */

/* Begin XCVersionGroup section */
		637023E41A92FF4900496A2A /* WordDictionary.xcdatamodeld */ = {
			isa = XCVersionGroup;
			children = (
				637023E51A92FF4900496A2A /* WordDictionary.xcdatamodel */,
			);
			currentVersion = 637023E51A92FF4900496A2A /* WordDictionary.xcdatamodel */;
			path = WordDictionary.xcdatamodeld;
			sourceTree = "<group>";
			versionGroupType = wrapper.xcdatamodel;
		};
/* End XCVersionGroup section */
	};
	rootObject = 636311EB19B036DD00E15DC3 /* Project object */;
}
